
Microsoft Visual Studio Solution File, Format Version 12.00
# Visual Studio Version 17
VisualStudioVersion = 17.12.35527.113
MinimumVisualStudioVersion = 10.0.40219.1
Project("{FAE04EC0-301F-11D3-BF4B-00C04F79EFBC}") = "app22", "app22\app22.csproj", "{A147F4BE-4254-4E53-9BF1-F07DC1CE791B}"
EndProject
Global
	GlobalSection(SolutionConfigurationPlatforms) = preSolution
		Debug|Any CPU = Debug|Any CPU
		Release|Any CPU = Release|Any CPU
	EndGlobalSection
	GlobalSection(ProjectConfigurationPlatforms) = postSolution
		{A147F4BE-4254-4E53-9BF1-F07DC1CE791B}.Debug|Any CPU.ActiveCfg = Debug|Any CPU
		{A147F4BE-4254-4E53-9BF1-F07DC1CE791B}.Debug|Any CPU.Build.0 = Debug|Any CPU
		{A147F4BE-4254-4E53-9BF1-F07DC1CE791B}.Debug|Any CPU.Deploy.0 = Debug|Any CPU
		{A147F4BE-4254-4E53-9BF1-F07DC1CE791B}.Release|Any CPU.ActiveCfg = Release|Any CPU
		{A147F4BE-4254-4E53-9BF1-F07DC1CE791B}.Release|Any CPU.Build.0 = Release|Any CPU
		{A147F4BE-4254-4E53-9BF1-F07DC1CE791B}.Release|Any CPU.Deploy.0 = Release|Any CPU
	EndGlobalSection
	GlobalSection(SolutionProperties) = preSolution
		HideSolutionNode = FALSE
	EndGlobalSection
EndGlobal
